dependencies:
- name: kuzzle
  repository: file://../kuzzle
  version: 1.10.0
- name: elasticsearch-8
  repository: file://../elasticsearch-8
  version: 21.7.0
- name: redis
  repository: https://charts.bitnami.com/bitnami/
  version: 25.4.1
digest: sha256:1876ab24482409ba902d5baec323e4c1bee573330613844216cc2e7671ac55d4
generated: "2026-06-23T15:11:28.148164+02:00"
