dependencies:
- name: kuzzle
  repository: https://kuzzleio.github.io/helm-charts/
  version: 0.1.0
- name: elasticsearch
  repository: https://helm.elastic.co/
  version: 7.13.4
- name: redis
  repository: https://charts.bitnami.com/bitnami/
  version: 16.12.2
digest: sha256:86351c27d58969fc2b16de94bcead5d66c5a7f8c4b5b718c4413e0131f68ad87
generated: "2022-10-18T13:11:52.807525+02:00"
