dependencies:
- name: kuzzle
  repository: https://kuzzleio.github.io/helm-charts/
  version: 1.1.0
- name: elasticsearch
  repository: https://helm.elastic.co/
  version: 7.17.3
- name: redis
  repository: https://charts.bitnami.com/bitnami/
  version: 16.12.2
digest: sha256:5d2da766a3874d394961f9d79e1479bec531ab9e1350dbb003bdbd05f1ceb2e3
generated: "2023-12-27T18:27:17.507499+01:00"
